// !$*UTF8*$!
{
	archiveVersion = 1;
	classes = {
	};
	objectVersion = 55;
	objects = {

/* Begin PBXBuildFile section */
		05A76713712F93193F235E41 /* Pods_WhatTheCoffee.framework in Frameworks */ = {isa = PBXBuildFile; fileRef = CA32D64E75A68A714474759C /* Pods_WhatTheCoffee.framework */; };
		1C1839F9274CB06800AAD04B /* Storage.swift in Sources */ = {isa = PBXBuildFile; fileRef = 1C1839F8274CB06800AAD04B /* Storage.swift */; };
		1C1839FB274CC2A600AAD04B /* UIAlert++Extension.swift in Sources */ = {isa = PBXBuildFile; fileRef = 1C1839FA274CC2A600AAD04B /* UIAlert++Extension.swift */; };
		1C2206382744B41A00FDBBEF /* AppDelegate.swift in Sources */ = {isa = PBXBuildFile; fileRef = 1C2206372744B41A00FDBBEF /* AppDelegate.swift */; };
		1C22063A2744B41A00FDBBEF /* SceneDelegate.swift in Sources */ = {isa = PBXBuildFile; fileRef = 1C2206392744B41A00FDBBEF /* SceneDelegate.swift */; };
		1C22063F2744B41A00FDBBEF /* Main.storyboard in Resources */ = {isa = PBXBuildFile; fileRef = 1C22063D2744B41A00FDBBEF /* Main.storyboard */; };
		1C2206412744B41B00FDBBEF /* Assets.xcassets in Resources */ = {isa = PBXBuildFile; fileRef = 1C2206402744B41B00FDBBEF /* Assets.xcassets */; };
		1C37C3582744E6CA00EC3CA3 /* RecommendViewController.swift in Sources */ = {isa = PBXBuildFile; fileRef = 1C37C3572744E6CA00EC3CA3 /* RecommendViewController.swift */; };
		1C37C35A2744E6D500EC3CA3 /* CoffeeListViewController.swift in Sources */ = {isa = PBXBuildFile; fileRef = 1C37C3592744E6D500EC3CA3 /* CoffeeListViewController.swift */; };
		1C37C35C2744E6DD00EC3CA3 /* AddCoffeeViewController.swift in Sources */ = {isa = PBXBuildFile; fileRef = 1C37C35B2744E6DD00EC3CA3 /* AddCoffeeViewController.swift */; };
		1C37C35E2744E6EC00EC3CA3 /* NearCafeViewController.swift in Sources */ = {isa = PBXBuildFile; fileRef = 1C37C35D2744E6EC00EC3CA3 /* NearCafeViewController.swift */; };
		1C37C3602744E6F600EC3CA3 /* DetailNearCafeViewController.swift in Sources */ = {isa = PBXBuildFile; fileRef = 1C37C35F2744E6F600EC3CA3 /* DetailNearCafeViewController.swift */; };
		1C37C3622744E70100EC3CA3 /* CafeLocationViewController.swift in Sources */ = {isa = PBXBuildFile; fileRef = 1C37C3612744E70100EC3CA3 /* CafeLocationViewController.swift */; };
		1C37C3642744E71B00EC3CA3 /* RecordsViewController.swift in Sources */ = {isa = PBXBuildFile; fileRef = 1C37C3632744E71B00EC3CA3 /* RecordsViewController.swift */; };
		1C37C3662744E72300EC3CA3 /* AddRecordViewController.swift in Sources */ = {isa = PBXBuildFile; fileRef = 1C37C3652744E72300EC3CA3 /* AddRecordViewController.swift */; };
		1C37C37E2744F83600EC3CA3 /* UIColor++Extension.swift in Sources */ = {isa = PBXBuildFile; fileRef = 1C37C37D2744F83500EC3CA3 /* UIColor++Extension.swift */; };
		1C37C3802744FB4A00EC3CA3 /* RecordCollectionViewCell.swift in Sources */ = {isa = PBXBuildFile; fileRef = 1C37C37F2744FB4A00EC3CA3 /* RecordCollectionViewCell.swift */; };
		1C37C3822744FC2C00EC3CA3 /* CoffeeListTableViewCell.swift in Sources */ = {isa = PBXBuildFile; fileRef = 1C37C3812744FC2C00EC3CA3 /* CoffeeListTableViewCell.swift */; };
		1C37C38B2745483200EC3CA3 /* Coffee.swift in Sources */ = {isa = PBXBuildFile; fileRef = 1C37C38A2745483200EC3CA3 /* Coffee.swift */; };
		1C37C38D2745489000EC3CA3 /* Cafe.swift in Sources */ = {isa = PBXBuildFile; fileRef = 1C37C38C2745489000EC3CA3 /* Cafe.swift */; };
		1C37C38F274548E800EC3CA3 /* Rate.swift in Sources */ = {isa = PBXBuildFile; fileRef = 1C37C38E274548E800EC3CA3 /* Rate.swift */; };
		1C37C3912745500300EC3CA3 /* CoffeeRepository.swift in Sources */ = {isa = PBXBuildFile; fileRef = 1C37C3902745500300EC3CA3 /* CoffeeRepository.swift */; };
		1C37C394274550B900EC3CA3 /* Realm in Frameworks */ = {isa = PBXBuildFile; productRef = 1C37C393274550B900EC3CA3 /* Realm */; };
		1C37C396274550B900EC3CA3 /* RealmSwift in Frameworks */ = {isa = PBXBuildFile; productRef = 1C37C395274550B900EC3CA3 /* RealmSwift */; };
		1C3D7167274FFEF5008EEAC8 /* LaunchScreen.storyboard in Resources */ = {isa = PBXBuildFile; fileRef = 1C3D7166274FFEF5008EEAC8 /* LaunchScreen.storyboard */; };
		1C48D3FD275380910008C3F7 /* UITextField++Extension.swift.swift in Sources */ = {isa = PBXBuildFile; fileRef = 1C48D3FC275380910008C3F7 /* UITextField++Extension.swift.swift */; };
		1C48D3FF2754C91C0008C3F7 /* UIImage++Extension.swift in Sources */ = {isa = PBXBuildFile; fileRef = 1C48D3FE2754C91C0008C3F7 /* UIImage++Extension.swift */; };
		1C555638274DC94C00B5A145 /* RecordCell.xib in Resources */ = {isa = PBXBuildFile; fileRef = 1C555637274DC94C00B5A145 /* RecordCell.xib */; };
		1C55565A274FA6E100B5A145 /* ImageDataManager.swift in Sources */ = {isa = PBXBuildFile; fileRef = 1C555659274FA6E100B5A145 /* ImageDataManager.swift */; };
		1C55565C274FA79C00B5A145 /* CafeRepository.swift in Sources */ = {isa = PBXBuildFile; fileRef = 1C55565B274FA79C00B5A145 /* CafeRepository.swift */; };
		1C555662274FF5A300B5A145 /* DateFormatter++Extension.swift in Sources */ = {isa = PBXBuildFile; fileRef = 1C555661274FF5A300B5A145 /* DateFormatter++Extension.swift */; };
		1C605BDE274B69F5000E94D0 /* IQKeyboardManagerSwift in Frameworks */ = {isa = PBXBuildFile; productRef = 1C605BDD274B69F5000E94D0 /* IQKeyboardManagerSwift */; };
		1C605BE0274B76B0000E94D0 /* Environment.swift in Sources */ = {isa = PBXBuildFile; fileRef = 1C605BDF274B76B0000E94D0 /* Environment.swift */; };
		1C605BE2274B8046000E94D0 /* UIViewController++Extension.swift in Sources */ = {isa = PBXBuildFile; fileRef = 1C605BE1274B8046000E94D0 /* UIViewController++Extension.swift */; };
		1CC914E3275888A2002BD76D /* AppError.swift.swift in Sources */ = {isa = PBXBuildFile; fileRef = 1CC914E2275888A2002BD76D /* AppError.swift.swift */; };
		1CC914E52758A6F4002BD76D /* NearCafeTableViewCell.swift in Sources */ = {isa = PBXBuildFile; fileRef = 1CC914E42758A6F4002BD76D /* NearCafeTableViewCell.swift */; };
		1CC914E72758B59E002BD76D /* NearCafe.swift in Sources */ = {isa = PBXBuildFile; fileRef = 1CC914E62758B59E002BD76D /* NearCafe.swift */; };
		1CC914E92758BD0E002BD76D /* SearchResultViewController.swift in Sources */ = {isa = PBXBuildFile; fileRef = 1CC914E82758BD0E002BD76D /* SearchResultViewController.swift */; };
		1CCF0F8927550D4600B45F07 /* UIFont++Extension.swift in Sources */ = {isa = PBXBuildFile; fileRef = 1CCF0F8827550D4600B45F07 /* UIFont++Extension.swift */; };
		1CCF0F8C2755E73100B45F07 /* GowunBatang-Regular.ttf in Resources */ = {isa = PBXBuildFile; fileRef = 1CCF0F8A2755E73100B45F07 /* GowunBatang-Regular.ttf */; };
		1CCF0F8D2755E73100B45F07 /* GowunBatang-Bold.ttf in Resources */ = {isa = PBXBuildFile; fileRef = 1CCF0F8B2755E73100B45F07 /* GowunBatang-Bold.ttf */; };
		1CCF0F8F2755F50700B45F07 /* SettingViewController.swift in Sources */ = {isa = PBXBuildFile; fileRef = 1CCF0F8E2755F50700B45F07 /* SettingViewController.swift */; };
		1CCF0F912755F5E900B45F07 /* SettingTableViewCell.swift in Sources */ = {isa = PBXBuildFile; fileRef = 1CCF0F902755F5E900B45F07 /* SettingTableViewCell.swift */; };
		1CCF0F932755FA7700B45F07 /* SettingDetailViewController.swift in Sources */ = {isa = PBXBuildFile; fileRef = 1CCF0F922755FA7700B45F07 /* SettingDetailViewController.swift */; };
		1CCF0F972756055600B45F07 /* TextFieldEffects in Frameworks */ = {isa = PBXBuildFile; productRef = 1CCF0F962756055600B45F07 /* TextFieldEffects */; };
/* End PBXBuildFile section */

/* Begin PBXFileReference section */
		1C1839F8274CB06800AAD04B /* Storage.swift */ = {isa = PBXFileReference; lastKnownFileType = sourcecode.swift; path = Storage.swift; sourceTree = "<group>"; };
		1C1839FA274CC2A600AAD04B /* UIAlert++Extension.swift */ = {isa = PBXFileReference; lastKnownFileType = sourcecode.swift; path = "UIAlert++Extension.swift"; sourceTree = "<group>"; };
		1C2206342744B41A00FDBBEF /* WhatTheCoffee.app */ = {isa = PBXFileReference; explicitFileType = wrapper.application; includeInIndex = 0; path = WhatTheCoffee.app; sourceTree = BUILT_PRODUCTS_DIR; };
		1C2206372744B41A00FDBBEF /* AppDelegate.swift */ = {isa = PBXFileReference; lastKnownFileType = sourcecode.swift; path = AppDelegate.swift; sourceTree = "<group>"; };
		1C2206392744B41A00FDBBEF /* SceneDelegate.swift */ = {isa = PBXFileReference; lastKnownFileType = sourcecode.swift; path = SceneDelegate.swift; sourceTree = "<group>"; };
		1C22063E2744B41A00FDBBEF /* Base */ = {isa = PBXFileReference; lastKnownFileType = file.storyboard; name = Base; path = Base.lproj/Main.storyboard; sourceTree = "<group>"; };
		1C2206402744B41B00FDBBEF /* Assets.xcassets */ = {isa = PBXFileReference; lastKnownFileType = folder.assetcatalog; path = Assets.xcassets; sourceTree = "<group>"; };
		1C2206452744B41B00FDBBEF /* Info.plist */ = {isa = PBXFileReference; lastKnownFileType = text.plist.xml; path = Info.plist; sourceTree = "<group>"; };
		1C37C3572744E6CA00EC3CA3 /* RecommendViewController.swift */ = {isa = PBXFileReference; lastKnownFileType = sourcecode.swift; path = RecommendViewController.swift; sourceTree = "<group>"; };
		1C37C3592744E6D500EC3CA3 /* CoffeeListViewController.swift */ = {isa = PBXFileReference; lastKnownFileType = sourcecode.swift; path = CoffeeListViewController.swift; sourceTree = "<group>"; };
		1C37C35B2744E6DD00EC3CA3 /* AddCoffeeViewController.swift */ = {isa = PBXFileReference; lastKnownFileType = sourcecode.swift; path = AddCoffeeViewController.swift; sourceTree = "<group>"; };
		1C37C35D2744E6EC00EC3CA3 /* NearCafeViewController.swift */ = {isa = PBXFileReference; lastKnownFileType = sourcecode.swift; path = NearCafeViewController.swift; sourceTree = "<group>"; };
		1C37C35F2744E6F600EC3CA3 /* DetailNearCafeViewController.swift */ = {isa = PBXFileReference; lastKnownFileType = sourcecode.swift; path = DetailNearCafeViewController.swift; sourceTree = "<group>"; };
		1C37C3612744E70100EC3CA3 /* CafeLocationViewController.swift */ = {isa = PBXFileReference; lastKnownFileType = sourcecode.swift; path = CafeLocationViewController.swift; sourceTree = "<group>"; };
		1C37C3632744E71B00EC3CA3 /* RecordsViewController.swift */ = {isa = PBXFileReference; lastKnownFileType = sourcecode.swift; path = RecordsViewController.swift; sourceTree = "<group>"; };
		1C37C3652744E72300EC3CA3 /* AddRecordViewController.swift */ = {isa = PBXFileReference; lastKnownFileType = sourcecode.swift; path = AddRecordViewController.swift; sourceTree = "<group>"; };
		1C37C37D2744F83500EC3CA3 /* UIColor++Extension.swift */ = {isa = PBXFileReference; lastKnownFileType = sourcecode.swift; path = "UIColor++Extension.swift"; sourceTree = "<group>"; };
		1C37C37F2744FB4A00EC3CA3 /* RecordCollectionViewCell.swift */ = {isa = PBXFileReference; lastKnownFileType = sourcecode.swift; path = RecordCollectionViewCell.swift; sourceTree = "<group>"; };
		1C37C3812744FC2C00EC3CA3 /* CoffeeListTableViewCell.swift */ = {isa = PBXFileReference; lastKnownFileType = sourcecode.swift; path = CoffeeListTableViewCell.swift; sourceTree = "<group>"; };
		1C37C38A2745483200EC3CA3 /* Coffee.swift */ = {isa = PBXFileReference; lastKnownFileType = sourcecode.swift; path = Coffee.swift; sourceTree = "<group>"; };
		1C37C38C2745489000EC3CA3 /* Cafe.swift */ = {isa = PBXFileReference; lastKnownFileType = sourcecode.swift; path = Cafe.swift; sourceTree = "<group>"; };
		1C37C38E274548E800EC3CA3 /* Rate.swift */ = {isa = PBXFileReference; lastKnownFileType = sourcecode.swift; path = Rate.swift; sourceTree = "<group>"; };
		1C37C3902745500300EC3CA3 /* CoffeeRepository.swift */ = {isa = PBXFileReference; lastKnownFileType = sourcecode.swift; path = CoffeeRepository.swift; sourceTree = "<group>"; };
		1C3D7166274FFEF5008EEAC8 /* LaunchScreen.storyboard */ = {isa = PBXFileReference; lastKnownFileType = file.storyboard; path = LaunchScreen.storyboard; sourceTree = "<group>"; };
		1C48D3FC275380910008C3F7 /* UITextField++Extension.swift.swift */ = {isa = PBXFileReference; lastKnownFileType = sourcecode.swift; path = "UITextField++Extension.swift.swift"; sourceTree = "<group>"; };
		1C48D3FE2754C91C0008C3F7 /* UIImage++Extension.swift */ = {isa = PBXFileReference; lastKnownFileType = sourcecode.swift; path = "UIImage++Extension.swift"; sourceTree = "<group>"; };
		1C555637274DC94C00B5A145 /* RecordCell.xib */ = {isa = PBXFileReference; lastKnownFileType = file.xib; path = RecordCell.xib; sourceTree = "<group>"; };
		1C555659274FA6E100B5A145 /* ImageDataManager.swift */ = {isa = PBXFileReference; lastKnownFileType = sourcecode.swift; path = ImageDataManager.swift; sourceTree = "<group>"; };
		1C55565B274FA79C00B5A145 /* CafeRepository.swift */ = {isa = PBXFileReference; lastKnownFileType = sourcecode.swift; path = CafeRepository.swift; sourceTree = "<group>"; };
		1C555661274FF5A300B5A145 /* DateFormatter++Extension.swift */ = {isa = PBXFileReference; lastKnownFileType = sourcecode.swift; path = "DateFormatter++Extension.swift"; sourceTree = "<group>"; };
		1C605BDF274B76B0000E94D0 /* Environment.swift */ = {isa = PBXFileReference; lastKnownFileType = sourcecode.swift; path = Environment.swift; sourceTree = "<group>"; };
		1C605BE1274B8046000E94D0 /* UIViewController++Extension.swift */ = {isa = PBXFileReference; lastKnownFileType = sourcecode.swift; path = "UIViewController++Extension.swift"; sourceTree = "<group>"; };
		1CC914E2275888A2002BD76D /* AppError.swift.swift */ = {isa = PBXFileReference; lastKnownFileType = sourcecode.swift; path = AppError.swift.swift; sourceTree = "<group>"; };
		1CC914E42758A6F4002BD76D /* NearCafeTableViewCell.swift */ = {isa = PBXFileReference; lastKnownFileType = sourcecode.swift; path = NearCafeTableViewCell.swift; sourceTree = "<group>"; };
		1CC914E62758B59E002BD76D /* NearCafe.swift */ = {isa = PBXFileReference; lastKnownFileType = sourcecode.swift; path = NearCafe.swift; sourceTree = "<group>"; };
		1CC914E82758BD0E002BD76D /* SearchResultViewController.swift */ = {isa = PBXFileReference; lastKnownFileType = sourcecode.swift; path = SearchResultViewController.swift; sourceTree = "<group>"; };
		1CCF0F8827550D4600B45F07 /* UIFont++Extension.swift */ = {isa = PBXFileReference; lastKnownFileType = sourcecode.swift; path = "UIFont++Extension.swift"; sourceTree = "<group>"; };
		1CCF0F8A2755E73100B45F07 /* GowunBatang-Regular.ttf */ = {isa = PBXFileReference; lastKnownFileType = file; path = "GowunBatang-Regular.ttf"; sourceTree = "<group>"; };
		1CCF0F8B2755E73100B45F07 /* GowunBatang-Bold.ttf */ = {isa = PBXFileReference; lastKnownFileType = file; path = "GowunBatang-Bold.ttf"; sourceTree = "<group>"; };
		1CCF0F8E2755F50700B45F07 /* SettingViewController.swift */ = {isa = PBXFileReference; lastKnownFileType = sourcecode.swift; path = SettingViewController.swift; sourceTree = "<group>"; };
		1CCF0F902755F5E900B45F07 /* SettingTableViewCell.swift */ = {isa = PBXFileReference; lastKnownFileType = sourcecode.swift; path = SettingTableViewCell.swift; sourceTree = "<group>"; };
		1CCF0F922755FA7700B45F07 /* SettingDetailViewController.swift */ = {isa = PBXFileReference; lastKnownFileType = sourcecode.swift; path = SettingDetailViewController.swift; sourceTree = "<group>"; };
		1E3C7DA5F0797DCAAAD76ECA /* Pods-WhatTheCoffee.release.xcconfig */ = {isa = PBXFileReference; includeInIndex = 1; lastKnownFileType = text.xcconfig; name = "Pods-WhatTheCoffee.release.xcconfig"; path = "Target Support Files/Pods-WhatTheCoffee/Pods-WhatTheCoffee.release.xcconfig"; sourceTree = "<group>"; };
		98DF2435BD03B3B80855BFD1 /* Pods-WhatTheCoffee.debug.xcconfig */ = {isa = PBXFileReference; includeInIndex = 1; lastKnownFileType = text.xcconfig; name = "Pods-WhatTheCoffee.debug.xcconfig"; path = "Target Support Files/Pods-WhatTheCoffee/Pods-WhatTheCoffee.debug.xcconfig"; sourceTree = "<group>"; };
		CA32D64E75A68A714474759C /* Pods_WhatTheCoffee.framework */ = {isa = PBXFileReference; explicitFileType = wrapper.framework; includeInIndex = 0; path = Pods_WhatTheCoffee.framework; sourceTree = BUILT_PRODUCTS_DIR; };
/* End PBXFileReference section */

/* Begin PBXFrameworksBuildPhase section */
		1C2206312744B41A00FDBBEF /* Frameworks */ = {
			isa = PBXFrameworksBuildPhase;
			buildActionMask = 2147483647;
			files = (
				1C37C396274550B900EC3CA3 /* RealmSwift in Frameworks */,
				1CCF0F972756055600B45F07 /* TextFieldEffects in Frameworks */,
				1C37C394274550B900EC3CA3 /* Realm in Frameworks */,
				1C605BDE274B69F5000E94D0 /* IQKeyboardManagerSwift in Frameworks */,
				05A76713712F93193F235E41 /* Pods_WhatTheCoffee.framework in Frameworks */,
			);
			runOnlyForDeploymentPostprocessing = 0;
		};
/* End PBXFrameworksBuildPhase section */

/* Begin PBXGroup section */
		1C22062B2744B41A00FDBBEF = {
			isa = PBXGroup;
			children = (
				1C2206362744B41A00FDBBEF /* WhatTheCoffee */,
				1C2206352744B41A00FDBBEF /* Products */,
				982C72A2BD36E461D6EE8D23 /* Pods */,
				8C7E63E2136E8C4D1F3606F1 /* Frameworks */,
			);
			sourceTree = "<group>";
		};
		1C2206352744B41A00FDBBEF /* Products */ = {
			isa = PBXGroup;
			children = (
				1C2206342744B41A00FDBBEF /* WhatTheCoffee.app */,
			);
			name = Products;
			sourceTree = "<group>";
		};
		1C2206362744B41A00FDBBEF /* WhatTheCoffee */ = {
			isa = PBXGroup;
			children = (
				1C37C3692744E7A800EC3CA3 /* Resources */,
				1C37C3682744E7A100EC3CA3 /* Sources */,
				1C37C3672744E79800EC3CA3 /* Supporting Files */,
			);
			path = WhatTheCoffee;
			sourceTree = "<group>";
		};
		1C37C3672744E79800EC3CA3 /* Supporting Files */ = {
			isa = PBXGroup;
			children = (
				1CCF0F8B2755E73100B45F07 /* GowunBatang-Bold.ttf */,
				1CCF0F8A2755E73100B45F07 /* GowunBatang-Regular.ttf */,
				1C2206452744B41B00FDBBEF /* Info.plist */,
			);
			path = "Supporting Files";
			sourceTree = "<group>";
		};
		1C37C3682744E7A100EC3CA3 /* Sources */ = {
			isa = PBXGroup;
			children = (
				1C2206372744B41A00FDBBEF /* AppDelegate.swift */,
				1C2206392744B41A00FDBBEF /* SceneDelegate.swift */,
				1CCF0F942756002800B45F07 /* Setting */,
				1C37C3892745482400EC3CA3 /* Service */,
				1C37C3882745481E00EC3CA3 /* Model */,
				1C37C37C2744F82900EC3CA3 /* Extensions */,
				1C37C36A2744E7BE00EC3CA3 /* RecommandTab */,
				1C37C36B2744E7CF00EC3CA3 /* CafeListTab */,
				1C37C36C2744E7E300EC3CA3 /* RecordsTab */,
			);
			path = Sources;
			sourceTree = "<group>";
		};
		1C37C3692744E7A800EC3CA3 /* Resources */ = {
			isa = PBXGroup;
			children = (
				1C22063D2744B41A00FDBBEF /* Main.storyboard */,
				1C3D7166274FFEF5008EEAC8 /* LaunchScreen.storyboard */,
				1C2206402744B41B00FDBBEF /* Assets.xcassets */,
			);
			path = Resources;
			sourceTree = "<group>";
		};
		1C37C36A2744E7BE00EC3CA3 /* RecommandTab */ = {
			isa = PBXGroup;
			children = (
				1C37C3572744E6CA00EC3CA3 /* RecommendViewController.swift */,
				1C37C3592744E6D500EC3CA3 /* CoffeeListViewController.swift */,
				1C37C35B2744E6DD00EC3CA3 /* AddCoffeeViewController.swift */,
				1C37C3812744FC2C00EC3CA3 /* CoffeeListTableViewCell.swift */,
			);
			path = RecommandTab;
			sourceTree = "<group>";
		};
		1C37C36B2744E7CF00EC3CA3 /* CafeListTab */ = {
			isa = PBXGroup;
			children = (
				1C37C35D2744E6EC00EC3CA3 /* NearCafeViewController.swift */,
				1C37C35F2744E6F600EC3CA3 /* DetailNearCafeViewController.swift */,
				1C37C3612744E70100EC3CA3 /* CafeLocationViewController.swift */,
				1CC914E42758A6F4002BD76D /* NearCafeTableViewCell.swift */,
				1CC914E82758BD0E002BD76D /* SearchResultViewController.swift */,
			);
			path = CafeListTab;
			sourceTree = "<group>";
		};
		1C37C36C2744E7E300EC3CA3 /* RecordsTab */ = {
			isa = PBXGroup;
			children = (
				1C37C3632744E71B00EC3CA3 /* RecordsViewController.swift */,
				1C37C3652744E72300EC3CA3 /* AddRecordViewController.swift */,
				1C37C37F2744FB4A00EC3CA3 /* RecordCollectionViewCell.swift */,
				1C555637274DC94C00B5A145 /* RecordCell.xib */,
			);
			path = RecordsTab;
			sourceTree = "<group>";
		};
		1C37C37C2744F82900EC3CA3 /* Extensions */ = {
			isa = PBXGroup;
			children = (
				1C37C37D2744F83500EC3CA3 /* UIColor++Extension.swift */,
				1C605BE1274B8046000E94D0 /* UIViewController++Extension.swift */,
				1C1839FA274CC2A600AAD04B /* UIAlert++Extension.swift */,
				1C555659274FA6E100B5A145 /* ImageDataManager.swift */,
				1C555661274FF5A300B5A145 /* DateFormatter++Extension.swift */,
				1C48D3FC275380910008C3F7 /* UITextField++Extension.swift.swift */,
				1C48D3FE2754C91C0008C3F7 /* UIImage++Extension.swift */,
				1CCF0F8827550D4600B45F07 /* UIFont++Extension.swift */,
			);
			path = Extensions;
			sourceTree = "<group>";
		};
		1C37C3882745481E00EC3CA3 /* Model */ = {
			isa = PBXGroup;
			children = (
				1C37C38A2745483200EC3CA3 /* Coffee.swift */,
				1C37C38C2745489000EC3CA3 /* Cafe.swift */,
				1C37C38E274548E800EC3CA3 /* Rate.swift */,
				1CC914E2275888A2002BD76D /* AppError.swift.swift */,
				1CC914E62758B59E002BD76D /* NearCafe.swift */,
			);
			path = Model;
			sourceTree = "<group>";
		};
		1C37C3892745482400EC3CA3 /* Service */ = {
			isa = PBXGroup;
			children = (
				1C37C3902745500300EC3CA3 /* CoffeeRepository.swift */,
				1C55565B274FA79C00B5A145 /* CafeRepository.swift */,
				1C605BDF274B76B0000E94D0 /* Environment.swift */,
				1C1839F8274CB06800AAD04B /* Storage.swift */,
			);
			path = Service;
			sourceTree = "<group>";
		};
		1CCF0F942756002800B45F07 /* Setting */ = {
			isa = PBXGroup;
			children = (
				1CCF0F8E2755F50700B45F07 /* SettingViewController.swift */,
				1CCF0F902755F5E900B45F07 /* SettingTableViewCell.swift */,
				1CCF0F922755FA7700B45F07 /* SettingDetailViewController.swift */,
			);
			path = Setting;
			sourceTree = "<group>";
		};
		8C7E63E2136E8C4D1F3606F1 /* Frameworks */ = {
			isa = PBXGroup;
			children = (
				CA32D64E75A68A714474759C /* Pods_WhatTheCoffee.framework */,
			);
			name = Frameworks;
			sourceTree = "<group>";
		};
		982C72A2BD36E461D6EE8D23 /* Pods */ = {
			isa = PBXGroup;
			children = (
				98DF2435BD03B3B80855BFD1 /* Pods-WhatTheCoffee.debug.xcconfig */,
				1E3C7DA5F0797DCAAAD76ECA /* Pods-WhatTheCoffee.release.xcconfig */,
			);
			name = Pods;
			path = Pods;
			sourceTree = "<group>";
		};
/* End PBXGroup section */

/* Begin PBXNativeTarget section */
		1C2206332744B41A00FDBBEF /* WhatTheCoffee */ = {
			isa = PBXNativeTarget;
			buildConfigurationList = 1C2206482744B41B00FDBBEF /* Build configuration list for PBXNativeTarget "WhatTheCoffee" */;
			buildPhases = (
				740B41D2FB8F9E65C2DC79EE /* [CP] Check Pods Manifest.lock */,
				1C2206302744B41A00FDBBEF /* Sources */,
				1C2206312744B41A00FDBBEF /* Frameworks */,
				1C2206322744B41A00FDBBEF /* Resources */,
				89C62A018915BB11F04E3D8A /* [CP] Embed Pods Frameworks */,
			);
			buildRules = (
			);
			dependencies = (
			);
			name = WhatTheCoffee;
			packageProductDependencies = (
				1C37C393274550B900EC3CA3 /* Realm */,
				1C37C395274550B900EC3CA3 /* RealmSwift */,
				1C605BDD274B69F5000E94D0 /* IQKeyboardManagerSwift */,
				1CCF0F962756055600B45F07 /* TextFieldEffects */,
			);
			productName = WhatTheCoffee;
			productReference = 1C2206342744B41A00FDBBEF /* WhatTheCoffee.app */;
			productType = "com.apple.product-type.application";
		};
/* End PBXNativeTarget section */

/* Begin PBXProject section */
		1C22062C2744B41A00FDBBEF /* Project object */ = {
			isa = PBXProject;
			attributes = {
				BuildIndependentTargetsInParallel = 1;
				LastSwiftUpdateCheck = 1310;
				LastUpgradeCheck = 1310;
				TargetAttributes = {
					1C2206332744B41A00FDBBEF = {
						CreatedOnToolsVersion = 13.1;
					};
				};
			};
			buildConfigurationList = 1C22062F2744B41A00FDBBEF /* Build configuration list for PBXProject "WhatTheCoffee" */;
			compatibilityVersion = "Xcode 13.0";
			developmentRegion = en;
			hasScannedForEncodings = 0;
			knownRegions = (
				en,
				Base,
			);
			mainGroup = 1C22062B2744B41A00FDBBEF;
			packageReferences = (
				1C37C392274550B900EC3CA3 /* XCRemoteSwiftPackageReference "realm-cocoa.git" */,
				1C605BDC274B69F5000E94D0 /* XCRemoteSwiftPackageReference "IQKeyboardManager.git" */,
				1CCF0F952756055600B45F07 /* XCRemoteSwiftPackageReference "TextFieldEffects.git" */,
			);
			productRefGroup = 1C2206352744B41A00FDBBEF /* Products */;
			projectDirPath = "";
			projectRoot = "";
			targets = (
				1C2206332744B41A00FDBBEF /* WhatTheCoffee */,
			);
		};
/* End PBXProject section */

/* Begin PBXResourcesBuildPhase section */
		1C2206322744B41A00FDBBEF /* Resources */ = {
			isa = PBXResourcesBuildPhase;
			buildActionMask = 2147483647;
			files = (
				1C2206412744B41B00FDBBEF /* Assets.xcassets in Resources */,
				1C555638274DC94C00B5A145 /* RecordCell.xib in Resources */,
				1CCF0F8C2755E73100B45F07 /* GowunBatang-Regular.ttf in Resources */,
				1CCF0F8D2755E73100B45F07 /* GowunBatang-Bold.ttf in Resources */,
				1C3D7167274FFEF5008EEAC8 /* LaunchScreen.storyboard in Resources */,
				1C22063F2744B41A00FDBBEF /* Main.storyboard in Resources */,
			);
			runOnlyForDeploymentPostprocessing = 0;
		};
/* End PBXResourcesBuildPhase section */

/* Begin PBXShellScriptBuildPhase section */
		740B41D2FB8F9E65C2DC79EE /* [CP] Check Pods Manifest.lock */ = {
			isa = PBXShellScriptBuildPhase;
			buildActionMask = 2147483647;
			files = (
			);
			inputFileListPaths = (
			);
			inputPaths = (
				"${PODS_PODFILE_DIR_PATH}/Podfile.lock",
				"${PODS_ROOT}/Manifest.lock",
			);
			name = "[CP] Check Pods Manifest.lock";
			outputFileListPaths = (
			);
			outputPaths = (
				"$(DERIVED_FILE_DIR)/Pods-WhatTheCoffee-checkManifestLockResult.txt",
			);
			runOnlyForDeploymentPostprocessing = 0;
			shellPath = /bin/sh;
			shellScript = "diff \"${PODS_PODFILE_DIR_PATH}/Podfile.lock\" \"${PODS_ROOT}/Manifest.lock\" > /dev/null\nif [ $? != 0 ] ; then\n    # print error to STDERR\n    echo \"error: The sandbox is not in sync with the Podfile.lock. Run 'pod install' or update your CocoaPods installation.\" >&2\n    exit 1\nfi\n# This output is used by Xcode 'outputs' to avoid re-running this script phase.\necho \"SUCCESS\" > \"${SCRIPT_OUTPUT_FILE_0}\"\n";
			showEnvVarsInLog = 0;
		};
		89C62A018915BB11F04E3D8A /* [CP] Embed Pods Frameworks */ = {
			isa = PBXShellScriptBuildPhase;
			buildActionMask = 2147483647;
			files = (
			);
			inputFileListPaths = (
				"${PODS_ROOT}/Target Support Files/Pods-WhatTheCoffee/Pods-WhatTheCoffee-frameworks-${CONFIGURATION}-input-files.xcfilelist",
			);
			name = "[CP] Embed Pods Frameworks";
			outputFileListPaths = (
				"${PODS_ROOT}/Target Support Files/Pods-WhatTheCoffee/Pods-WhatTheCoffee-frameworks-${CONFIGURATION}-output-files.xcfilelist",
			);
			runOnlyForDeploymentPostprocessing = 0;
			shellPath = /bin/sh;
			shellScript = "\"${PODS_ROOT}/Target Support Files/Pods-WhatTheCoffee/Pods-WhatTheCoffee-frameworks.sh\"\n";
			showEnvVarsInLog = 0;
		};
/* End PBXShellScriptBuildPhase section */

/* Begin PBXSourcesBuildPhase section */
		1C2206302744B41A00FDBBEF /* Sources */ = {
			isa = PBXSourcesBuildPhase;
			buildActionMask = 2147483647;
			files = (
				1C37C3622744E70100EC3CA3 /* CafeLocationViewController.swift in Sources */,
				1C37C38F274548E800EC3CA3 /* Rate.swift in Sources */,
				1C37C35C2744E6DD00EC3CA3 /* AddCoffeeViewController.swift in Sources */,
				1C55565C274FA79C00B5A145 /* CafeRepository.swift in Sources */,
				1CCF0F912755F5E900B45F07 /* SettingTableViewCell.swift in Sources */,
				1C37C3822744FC2C00EC3CA3 /* CoffeeListTableViewCell.swift in Sources */,
				1C37C35A2744E6D500EC3CA3 /* CoffeeListViewController.swift in Sources */,
				1C555662274FF5A300B5A145 /* DateFormatter++Extension.swift in Sources */,
				1C37C3662744E72300EC3CA3 /* AddRecordViewController.swift in Sources */,
				1CC914E92758BD0E002BD76D /* SearchResultViewController.swift in Sources */,
				1C605BE2274B8046000E94D0 /* UIViewController++Extension.swift in Sources */,
				1CCF0F932755FA7700B45F07 /* SettingDetailViewController.swift in Sources */,
				1C37C3582744E6CA00EC3CA3 /* RecommendViewController.swift in Sources */,
				1CC914E3275888A2002BD76D /* AppError.swift.swift in Sources */,
				1C37C3602744E6F600EC3CA3 /* DetailNearCafeViewController.swift in Sources */,
				1CC914E52758A6F4002BD76D /* NearCafeTableViewCell.swift in Sources */,
				1C48D3FD275380910008C3F7 /* UITextField++Extension.swift.swift in Sources */,
				1C1839F9274CB06800AAD04B /* Storage.swift in Sources */,
				1C37C3912745500300EC3CA3 /* CoffeeRepository.swift in Sources */,
				1C37C35E2744E6EC00EC3CA3 /* NearCafeViewController.swift in Sources */,
				1C37C38D2745489000EC3CA3 /* Cafe.swift in Sources */,
				1CC914E72758B59E002BD76D /* NearCafe.swift in Sources */,
				1C37C3642744E71B00EC3CA3 /* RecordsViewController.swift in Sources */,
				1C2206382744B41A00FDBBEF /* AppDelegate.swift in Sources */,
				1C605BE0274B76B0000E94D0 /* Environment.swift in Sources */,
				1CCF0F8F2755F50700B45F07 /* SettingViewController.swift in Sources */,
				1C1839FB274CC2A600AAD04B /* UIAlert++Extension.swift in Sources */,
				1C22063A2744B41A00FDBBEF /* SceneDelegate.swift in Sources */,
				1C48D3FF2754C91C0008C3F7 /* UIImage++Extension.swift in Sources */,
				1C37C37E2744F83600EC3CA3 /* UIColor++Extension.swift in Sources */,
				1C55565A274FA6E100B5A145 /* ImageDataManager.swift in Sources */,
				1C37C3802744FB4A00EC3CA3 /* RecordCollectionViewCell.swift in Sources */,
				1C37C38B2745483200EC3CA3 /* Coffee.swift in Sources */,
				1CCF0F8927550D4600B45F07 /* UIFont++Extension.swift in Sources */,
			);
			runOnlyForDeploymentPostprocessing = 0;
		};
/* End PBXSourcesBuildPhase section */

/* Begin PBXVariantGroup section */
		1C22063D2744B41A00FDBBEF /* Main.storyboard */ = {
			isa = PBXVariantGroup;
			children = (
				1C22063E2744B41A00FDBBEF /* Base */,
			);
			name = Main.storyboard;
			sourceTree = "<group>";
		};
/* End PBXVariantGroup section */

/* Begin XCBuildConfiguration section */
		1C2206462744B41B00FDBBEF /* Debug */ = {
			isa = XCBuildConfiguration;
			buildSettings = {
				ALWAYS_SEARCH_USER_PATHS = NO;
				CLANG_ANALYZER_NONNULL = YES;
				CLANG_ANALYZER_NUMBER_OBJECT_CONVERSION = YES_AGGRESSIVE;
				CLANG_CXX_LANGUAGE_STANDARD = "gnu++17";
				CLANG_CXX_LIBRARY = "libc++";
				CLANG_ENABLE_MODULES = YES;
				CLANG_ENABLE_OBJC_ARC = YES;
				CLANG_ENABLE_OBJC_WEAK = YES;
				CLANG_WARN_BLOCK_CAPTURE_AUTORELEASING = YES;
				CLANG_WARN_BOOL_CONVERSION = YES;
				CLANG_WARN_COMMA = YES;
				CLANG_WARN_CONSTANT_CONVERSION = YES;
				CLANG_WARN_DEPRECATED_OBJC_IMPLEMENTATIONS = YES;
				CLANG_WARN_DIRECT_OBJC_ISA_USAGE = YES_ERROR;
				CLANG_WARN_DOCUMENTATION_COMMENTS = YES;
				CLANG_WARN_EMPTY_BODY = YES;
				CLANG_WARN_ENUM_CONVERSION = YES;
				CLANG_WARN_INFINITE_RECURSION = YES;
				CLANG_WARN_INT_CONVERSION = YES;
				CLANG_WARN_NON_LITERAL_NULL_CONVERSION = YES;
				CLANG_WARN_OBJC_IMPLICIT_RETAIN_SELF = YES;
				CLANG_WARN_OBJC_LITERAL_CONVERSION = YES;
				CLANG_WARN_OBJC_ROOT_CLASS = YES_ERROR;
				CLANG_WARN_QUOTED_INCLUDE_IN_FRAMEWORK_HEADER = YES;
				CLANG_WARN_RANGE_LOOP_ANALYSIS = YES;
				CLANG_WARN_STRICT_PROTOTYPES = YES;
				CLANG_WARN_SUSPICIOUS_MOVE = YES;
				CLANG_WARN_UNGUARDED_AVAILABILITY = YES_AGGRESSIVE;
				CLANG_WARN_UNREACHABLE_CODE = YES;
				CLANG_WARN__DUPLICATE_METHOD_MATCH = YES;
				COPY_PHASE_STRIP = NO;
				DEBUG_INFORMATION_FORMAT = dwarf;
				ENABLE_STRICT_OBJC_MSGSEND = YES;
				ENABLE_TESTABILITY = YES;
				GCC_C_LANGUAGE_STANDARD = gnu11;
				GCC_DYNAMIC_NO_PIC = NO;
				GCC_NO_COMMON_BLOCKS = YES;
				GCC_OPTIMIZATION_LEVEL = 0;
				GCC_PREPROCESSOR_DEFINITIONS = (
					"DEBUG=1",
					"$(inherited)",
				);
				GCC_WARN_64_TO_32_BIT_CONVERSION = YES;
				GCC_WARN_ABOUT_RETURN_TYPE = YES_ERROR;
				GCC_WARN_UNDECLARED_SELECTOR = YES;
				GCC_WARN_UNINITIALIZED_AUTOS = YES_AGGRESSIVE;
				GCC_WARN_UNUSED_FUNCTION = YES;
				GCC_WARN_UNUSED_VARIABLE = YES;
				IPHONEOS_DEPLOYMENT_TARGET = 15.0;
				MTL_ENABLE_DEBUG_INFO = INCLUDE_SOURCE;
				MTL_FAST_MATH = YES;
				ONLY_ACTIVE_ARCH = YES;
				SDKROOT = iphoneos;
				SWIFT_ACTIVE_COMPILATION_CONDITIONS = DEBUG;
				SWIFT_OPTIMIZATION_LEVEL = "-Onone";
			};
			name = Debug;
		};
		1C2206472744B41B00FDBBEF /* Release */ = {
			isa = XCBuildConfiguration;
			buildSettings = {
				ALWAYS_SEARCH_USER_PATHS = NO;
				CLANG_ANALYZER_NONNULL = YES;
				CLANG_ANALYZER_NUMBER_OBJECT_CONVERSION = YES_AGGRESSIVE;
				CLANG_CXX_LANGUAGE_STANDARD = "gnu++17";
				CLANG_CXX_LIBRARY = "libc++";
				CLANG_ENABLE_MODULES = YES;
				CLANG_ENABLE_OBJC_ARC = YES;
				CLANG_ENABLE_OBJC_WEAK = YES;
				CLANG_WARN_BLOCK_CAPTURE_AUTORELEASING = YES;
				CLANG_WARN_BOOL_CONVERSION = YES;
				CLANG_WARN_COMMA = YES;
				CLANG_WARN_CONSTANT_CONVERSION = YES;
				CLANG_WARN_DEPRECATED_OBJC_IMPLEMENTATIONS = YES;
				CLANG_WARN_DIRECT_OBJC_ISA_USAGE = YES_ERROR;
				CLANG_WARN_DOCUMENTATION_COMMENTS = YES;
				CLANG_WARN_EMPTY_BODY = YES;
				CLANG_WARN_ENUM_CONVERSION = YES;
				CLANG_WARN_INFINITE_RECURSION = YES;
				CLANG_WARN_INT_CONVERSION = YES;
				CLANG_WARN_NON_LITERAL_NULL_CONVERSION = YES;
				CLANG_WARN_OBJC_IMPLICIT_RETAIN_SELF = YES;
				CLANG_WARN_OBJC_LITERAL_CONVERSION = YES;
				CLANG_WARN_OBJC_ROOT_CLASS = YES_ERROR;
				CLANG_WARN_QUOTED_INCLUDE_IN_FRAMEWORK_HEADER = YES;
				CLANG_WARN_RANGE_LOOP_ANALYSIS = YES;
				CLANG_WARN_STRICT_PROTOTYPES = YES;
				CLANG_WARN_SUSPICIOUS_MOVE = YES;
				CLANG_WARN_UNGUARDED_AVAILABILITY = YES_AGGRESSIVE;
				CLANG_WARN_UNREACHABLE_CODE = YES;
				CLANG_WARN__DUPLICATE_METHOD_MATCH = YES;
				COPY_PHASE_STRIP = NO;
				DEBUG_INFORMATION_FORMAT = "dwarf-with-dsym";
				ENABLE_NS_ASSERTIONS = NO;
				ENABLE_STRICT_OBJC_MSGSEND = YES;
				GCC_C_LANGUAGE_STANDARD = gnu11;
				GCC_NO_COMMON_BLOCKS = YES;
				GCC_WARN_64_TO_32_BIT_CONVERSION = YES;
				GCC_WARN_ABOUT_RETURN_TYPE = YES_ERROR;
				GCC_WARN_UNDECLARED_SELECTOR = YES;
				GCC_WARN_UNINITIALIZED_AUTOS = YES_AGGRESSIVE;
				GCC_WARN_UNUSED_FUNCTION = YES;
				GCC_WARN_UNUSED_VARIABLE = YES;
				IPHONEOS_DEPLOYMENT_TARGET = 15.0;
				MTL_ENABLE_DEBUG_INFO = NO;
				MTL_FAST_MATH = YES;
				SDKROOT = iphoneos;
				SWIFT_COMPILATION_MODE = wholemodule;
				SWIFT_OPTIMIZATION_LEVEL = "-O";
				VALIDATE_PRODUCT = YES;
			};
			name = Release;
		};
		1C2206492744B41B00FDBBEF /* Debug */ = {
			isa = XCBuildConfiguration;
			baseConfigurationReference = 98DF2435BD03B3B80855BFD1 /* Pods-WhatTheCoffee.debug.xcconfig */;
			buildSettings = {
				ASSETCATALOG_COMPILER_APPICON_NAME = AppIcon;
				ASSETCATALOG_COMPILER_GLOBAL_ACCENT_COLOR_NAME = AccentColor;
				ASSETCATALOG_COMPILER_INCLUDE_ALL_APPICON_ASSETS = YES;
				CODE_SIGN_STYLE = Automatic;
				CURRENT_PROJECT_VERSION = 4;
				DEVELOPMENT_TEAM = 5LZNHGFB8C;
				GENERATE_INFOPLIST_FILE = YES;
				INFOPLIST_FILE = "WhatTheCoffee/Supporting Files/Info.plist";
				INFOPLIST_KEY_CFBundleDisplayName = "왓더커피";
				INFOPLIST_KEY_NSCameraUsageDescription = "카메라 접근 권한을 허용하시겠습니까?";
				INFOPLIST_KEY_NSPhotoLibraryUsageDescription = "사진첩 접근 권한을 허용하시겠습니까?";
				INFOPLIST_KEY_UIApplicationSupportsIndirectInputEvents = YES;
				INFOPLIST_KEY_UILaunchStoryboardName = LaunchScreen;
				INFOPLIST_KEY_UIMainStoryboardFile = Main;
				INFOPLIST_KEY_UISupportedInterfaceOrientations = UIInterfaceOrientationPortrait;
				INFOPLIST_KEY_UISupportedInterfaceOrientations_iPad = "UIInterfaceOrientationPortrait UIInterfaceOrientationPortraitUpsideDown UIInterfaceOrientationLandscapeLeft UIInterfaceOrientationLandscapeRight";
				INFOPLIST_KEY_UISupportedInterfaceOrientations_iPhone = "UIInterfaceOrientationPortrait UIInterfaceOrientationLandscapeLeft UIInterfaceOrientationLandscapeRight";
				IPHONEOS_DEPLOYMENT_TARGET = 14.0;
				LD_RUNPATH_SEARCH_PATHS = (
					"$(inherited)",
					"@executable_path/Frameworks",
				);
				MARKETING_VERSION = 1.0;
				PRODUCT_BUNDLE_IDENTIFIER = heyziin.WhatTheCoffee;
				PRODUCT_NAME = "$(TARGET_NAME)";
				SWIFT_EMIT_LOC_STRINGS = YES;
				SWIFT_VERSION = 5.0;
				TARGETED_DEVICE_FAMILY = 1;
			};
			name = Debug;
		};
		1C22064A2744B41B00FDBBEF /* Release */ = {
			isa = XCBuildConfiguration;
			baseConfigurationReference = 1E3C7DA5F0797DCAAAD76ECA /* Pods-WhatTheCoffee.release.xcconfig */;
			buildSettings = {
				ASSETCATALOG_COMPILER_APPICON_NAME = AppIcon;
				ASSETCATALOG_COMPILER_GLOBAL_ACCENT_COLOR_NAME = AccentColor;
				ASSETCATALOG_COMPILER_INCLUDE_ALL_APPICON_ASSETS = YES;
				CODE_SIGN_STYLE = Automatic;
				CURRENT_PROJECT_VERSION = 4;
				DEVELOPMENT_TEAM = 5LZNHGFB8C;
				GENERATE_INFOPLIST_FILE = YES;
				INFOPLIST_FILE = "WhatTheCoffee/Supporting Files/Info.plist";
				INFOPLIST_KEY_CFBundleDisplayName = "왓더커피";
				INFOPLIST_KEY_NSCameraUsageDescription = "카메라 접근 권한을 허용하시겠습니까?";
				INFOPLIST_KEY_NSPhotoLibraryUsageDescription = "사진첩 접근 권한을 허용하시겠습니까?";
				INFOPLIST_KEY_UIApplicationSupportsIndirectInputEvents = YES;
				INFOPLIST_KEY_UILaunchStoryboardName = LaunchScreen;
				INFOPLIST_KEY_UIMainStoryboardFile = Main;
				INFOPLIST_KEY_UISupportedInterfaceOrientations = UIInterfaceOrientationPortrait;
				INFOPLIST_KEY_UISupportedInterfaceOrientations_iPad = "UIInterfaceOrientationPortrait UIInterfaceOrientationPortraitUpsideDown UIInterfaceOrientationLandscapeLeft UIInterfaceOrientationLandscapeRight";
				INFOPLIST_KEY_UISupportedInterfaceOrientations_iPhone = "UIInterfaceOrientationPortrait UIInterfaceOrientationLandscapeLeft UIInterfaceOrientationLandscapeRight";
				IPHONEOS_DEPLOYMENT_TARGET = 14.0;
				LD_RUNPATH_SEARCH_PATHS = (
					"$(inherited)",
					"@executable_path/Frameworks",
				);
				MARKETING_VERSION = 1.0;
				PRODUCT_BUNDLE_IDENTIFIER = heyziin.WhatTheCoffee;
				PRODUCT_NAME = "$(TARGET_NAME)";
				SWIFT_EMIT_LOC_STRINGS = YES;
				SWIFT_VERSION = 5.0;
				TARGETED_DEVICE_FAMILY = 1;
			};
			name = Release;
		};
/* End XCBuildConfiguration section */

/* Begin XCConfigurationList section */
		1C22062F2744B41A00FDBBEF /* Build configuration list for PBXProject "WhatTheCoffee" */ = {
			isa = XCConfigurationList;
			buildConfigurations = (
				1C2206462744B41B00FDBBEF /* Debug */,
				1C2206472744B41B00FDBBEF /* Release */,
			);
			defaultConfigurationIsVisible = 0;
			defaultConfigurationName = Release;
		};
		1C2206482744B41B00FDBBEF /* Build configuration list for PBXNativeTarget "WhatTheCoffee" */ = {
			isa = XCConfigurationList;
			buildConfigurations = (
				1C2206492744B41B00FDBBEF /* Debug */,
				1C22064A2744B41B00FDBBEF /* Release */,
			);
			defaultConfigurationIsVisible = 0;
			defaultConfigurationName = Release;
		};
/* End XCConfigurationList section */

/* Begin XCRemoteSwiftPackageReference section */
		1C37C392274550B900EC3CA3 /* XCRemoteSwiftPackageReference "realm-cocoa.git" */ = {
			isa = XCRemoteSwiftPackageReference;
			repositoryURL = "https://github.com/realm/realm-cocoa.git";
			requirement = {
				kind = exactVersion;
				version = 10.19.0;
			};
		};
		1C605BDC274B69F5000E94D0 /* XCRemoteSwiftPackageReference "IQKeyboardManager.git" */ = {
			isa = XCRemoteSwiftPackageReference;
			repositoryURL = "https://github.com/hackiftekhar/IQKeyboardManager.git";
			requirement = {
				kind = upToNextMajorVersion;
				minimumVersion = 6.0.0;
			};
		};
		1CCF0F952756055600B45F07 /* XCRemoteSwiftPackageReference "TextFieldEffects.git" */ = {
			isa = XCRemoteSwiftPackageReference;
			repositoryURL = "https://github.com/raulriera/TextFieldEffects.git";
			requirement = {
				kind = upToNextMajorVersion;
				minimumVersion = 1.0.0;
			};
		};
/* End XCRemoteSwiftPackageReference section */

/* Begin XCSwiftPackageProductDependency section */
		1C37C393274550B900EC3CA3 /* Realm */ = {
			isa = XCSwiftPackageProductDependency;
			package = 1C37C392274550B900EC3CA3 /* XCRemoteSwiftPackageReference "realm-cocoa.git" */;
			productName = Realm;
		};
		1C37C395274550B900EC3CA3 /* RealmSwift */ = {
			isa = XCSwiftPackageProductDependency;
			package = 1C37C392274550B900EC3CA3 /* XCRemoteSwiftPackageReference "realm-cocoa.git" */;
			productName = RealmSwift;
		};
		1C605BDD274B69F5000E94D0 /* IQKeyboardManagerSwift */ = {
			isa = XCSwiftPackageProductDependency;
			package = 1C605BDC274B69F5000E94D0 /* XCRemoteSwiftPackageReference "IQKeyboardManager.git" */;
			productName = IQKeyboardManagerSwift;
		};
		1CCF0F962756055600B45F07 /* TextFieldEffects */ = {
			isa = XCSwiftPackageProductDependency;
			package = 1CCF0F952756055600B45F07 /* XCRemoteSwiftPackageReference "TextFieldEffects.git" */;
			productName = TextFieldEffects;
		};
/* End XCSwiftPackageProductDependency section */
	};
	rootObject = 1C22062C2744B41A00FDBBEF /* Project object */;
}
